
Microsoft Visual Studio Solution File, Format Version 12.00
# Visual Studio 2012
Project("{FAE04EC0-301F-11D3-BF4B-00C04F79EFBC}") = "weibo", "weibo\weibo.csproj", "{934B2C7B-3EA9-4029-A840-4E38990CE9F9}"
EndProject
Project("{FAE04EC0-301F-11D3-BF4B-00C04F79EFBC}") = "startup", "startup\startup.csproj", "{49624930-F1D7-46BE-9467-9F858CA674AA}"
EndProject
Global
	GlobalSection(SolutionConfigurationPlatforms) = preSolution
		Debug|Any CPU = Debug|Any CPU
		Release|Any CPU = Release|Any CPU
	EndGlobalSection
	GlobalSection(ProjectConfigurationPlatforms) = postSolution
		{934B2C7B-3EA9-4029-A840-4E38990CE9F9}.Debug|Any CPU.ActiveCfg = Debug|Any CPU
		{934B2C7B-3EA9-4029-A840-4E38990CE9F9}.Debug|Any CPU.Build.0 = Debug|Any CPU
		{934B2C7B-3EA9-4029-A840-4E38990CE9F9}.Release|Any CPU.ActiveCfg = Release|Any CPU
		{934B2C7B-3EA9-4029-A840-4E38990CE9F9}.Release|Any CPU.Build.0 = Release|Any CPU
		{49624930-F1D7-46BE-9467-9F858CA674AA}.Debug|Any CPU.ActiveCfg = Debug|Any CPU
		{49624930-F1D7-46BE-9467-9F858CA674AA}.Debug|Any CPU.Build.0 = Debug|Any CPU
		{49624930-F1D7-46BE-9467-9F858CA674AA}.Release|Any CPU.ActiveCfg = Release|Any CPU
		{49624930-F1D7-46BE-9467-9F858CA674AA}.Release|Any CPU.Build.0 = Release|Any CPU
	EndGlobalSection
	GlobalSection(SolutionProperties) = preSolution
		HideSolutionNode = FALSE
	EndGlobalSection
EndGlobal
